// !$*UTF8*$!
{
	archiveVersion = 1;
	classes = {
	};
	objectVersion = 50;
	objects = {

/* Begin PBXBuildFile section */
		A22B031D25CC3C140097B98F /* test.m in Sources */ = {isa = PBXBuildFile; fileRef = A22B031C25CC3C140097B98F /* test.m */; };
		A22B032425CC3D8E0097B98F /* expr.cpp in Sources */ = {isa = PBXBuildFile; fileRef = A29072DD25C119DD00B6479F /* expr.cpp */; };
		A22B032925CC404F0097B98F /* run.cpp in Sources */ = {isa = PBXBuildFile; fileRef = A22B032725CC404F0097B98F /* run.cpp */; };
		A274558825B7AEC700883B5C /* main.cpp in Sources */ = {isa = PBXBuildFile; fileRef = A274558725B7AEC700883B5C /* main.cpp */; };
		A274559525B7B7CF00883B5C /* cmdline.cpp in Sources */ = {isa = PBXBuildFile; fileRef = A274559325B7B7CF00883B5C /* cmdline.cpp */; };
		A29072E025C1E64C00B6479F /* expr.cpp in Sources */ = {isa = PBXBuildFile; fileRef = A29072DD25C119DD00B6479F /* expr.cpp */; };
		A29F87C125F01C3B009CC49A /* val.cpp in Sources */ = {isa = PBXBuildFile; fileRef = A29F87BF25F01C3B009CC49A /* val.cpp */; };
		A29F87C225F01C3B009CC49A /* val.cpp in Sources */ = {isa = PBXBuildFile; fileRef = A29F87BF25F01C3B009CC49A /* val.cpp */; };
/* End PBXBuildFile section */

/* Begin PBXCopyFilesBuildPhase section */
		A274558225B7AEC700883B5C /* CopyFiles */ = {
			isa = PBXCopyFilesBuildPhase;
			buildActionMask = 2147483647;
			dstPath = /usr/share/man/man1/;
			dstSubfolderSpec = 0;
			files = (
			);
			runOnlyForDeploymentPostprocessing = 1;
		};
/* End PBXCopyFilesBuildPhase section */

/* Begin PBXFileReference section */
		A22B031A25CC3C130097B98F /* test.xctest */ = {isa = PBXFileReference; explicitFileType = wrapper.cfbundle; includeInIndex = 0; path = test.xctest; sourceTree = BUILT_PRODUCTS_DIR; };
		A22B031C25CC3C140097B98F /* test.m */ = {isa = PBXFileReference; lastKnownFileType = sourcecode.c.objc; path = test.m; sourceTree = "<group>"; };
		A22B031E25CC3C140097B98F /* Info.plist */ = {isa = PBXFileReference; lastKnownFileType = text.plist.xml; path = Info.plist; sourceTree = "<group>"; };
		A22B032725CC404F0097B98F /* run.cpp */ = {isa = PBXFileReference; lastKnownFileType = sourcecode.cpp.cpp; path = run.cpp; sourceTree = "<group>"; };
		A22B032825CC404F0097B98F /* run.hpp */ = {isa = PBXFileReference; lastKnownFileType = sourcecode.cpp.h; path = run.hpp; sourceTree = "<group>"; };
		A274558425B7AEC700883B5C /* msd-script-cs6015 */ = {isa = PBXFileReference; explicitFileType = "compiled.mach-o.executable"; includeInIndex = 0; path = "msd-script-cs6015"; sourceTree = BUILT_PRODUCTS_DIR; };
		A274558725B7AEC700883B5C /* main.cpp */ = {isa = PBXFileReference; lastKnownFileType = sourcecode.cpp.cpp; path = main.cpp; sourceTree = "<group>"; };
		A274559325B7B7CF00883B5C /* cmdline.cpp */ = {isa = PBXFileReference; lastKnownFileType = sourcecode.cpp.cpp; path = cmdline.cpp; sourceTree = "<group>"; };
		A274559425B7B7CF00883B5C /* cmdline.hpp */ = {isa = PBXFileReference; lastKnownFileType = sourcecode.cpp.h; path = cmdline.hpp; sourceTree = "<group>"; };
		A29072D425BF679600B6479F /* catch.hpp */ = {isa = PBXFileReference; lastKnownFileType = sourcecode.cpp.h; path = catch.hpp; sourceTree = "<group>"; };
		A29072DD25C119DD00B6479F /* expr.cpp */ = {isa = PBXFileReference; lastKnownFileType = sourcecode.cpp.cpp; path = expr.cpp; sourceTree = "<group>"; };
		A29072E225C3125F00B6479F /* expr.hpp */ = {isa = PBXFileReference; fileEncoding = 4; lastKnownFileType = sourcecode.cpp.h; path = expr.hpp; sourceTree = "<group>"; };
		A29F87BF25F01C3B009CC49A /* val.cpp */ = {isa = PBXFileReference; lastKnownFileType = sourcecode.cpp.cpp; path = val.cpp; sourceTree = "<group>"; };
		A29F87C025F01C3B009CC49A /* val.hpp */ = {isa = PBXFileReference; lastKnownFileType = sourcecode.cpp.h; path = val.hpp; sourceTree = "<group>"; };
/* End PBXFileReference section */

/* Begin PBXFrameworksBuildPhase section */
		A22B031725CC3C130097B98F /* Frameworks */ = {
			isa = PBXFrameworksBuildPhase;
			buildActionMask = 2147483647;
			files = (
			);
			runOnlyForDeploymentPostprocessing = 0;
		};
		A274558125B7AEC700883B5C /* Frameworks */ = {
			isa = PBXFrameworksBuildPhase;
			buildActionMask = 2147483647;
			files = (
			);
			runOnlyForDeploymentPostprocessing = 0;
		};
/* End PBXFrameworksBuildPhase section */

/* Begin PBXGroup section */
		A22B031B25CC3C140097B98F /* test */ = {
			isa = PBXGroup;
			children = (
				A22B031C25CC3C140097B98F /* test.m */,
				A22B031E25CC3C140097B98F /* Info.plist */,
				A22B032725CC404F0097B98F /* run.cpp */,
				A22B032825CC404F0097B98F /* run.hpp */,
			);
			path = test;
			sourceTree = "<group>";
		};
		A274557B25B7AEC600883B5C = {
			isa = PBXGroup;
			children = (
				A274558625B7AEC700883B5C /* msd-script-cs6015 */,
				A22B031B25CC3C140097B98F /* test */,
				A274558525B7AEC700883B5C /* Products */,
			);
			sourceTree = "<group>";
		};
		A274558525B7AEC700883B5C /* Products */ = {
			isa = PBXGroup;
			children = (
				A274558425B7AEC700883B5C /* msd-script-cs6015 */,
				A22B031A25CC3C130097B98F /* test.xctest */,
			);
			name = Products;
			sourceTree = "<group>";
		};
		A274558625B7AEC700883B5C /* msd-script-cs6015 */ = {
			isa = PBXGroup;
			children = (
				A274558725B7AEC700883B5C /* main.cpp */,
				A274559325B7B7CF00883B5C /* cmdline.cpp */,
				A274559425B7B7CF00883B5C /* cmdline.hpp */,
				A29072DD25C119DD00B6479F /* expr.cpp */,
				A29072E225C3125F00B6479F /* expr.hpp */,
				A29F87BF25F01C3B009CC49A /* val.cpp */,
				A29F87C025F01C3B009CC49A /* val.hpp */,
				A29072D425BF679600B6479F /* catch.hpp */,
			);
			name = "msd-script-cs6015";
			sourceTree = "<group>";
		};
/* End PBXGroup section */

/* Begin PBXNativeTarget section */
		A22B031925CC3C130097B98F /* test */ = {
			isa = PBXNativeTarget;
			buildConfigurationList = A22B032125CC3C140097B98F /* Build configuration list for PBXNativeTarget "test" */;
			buildPhases = (
				A22B031625CC3C130097B98F /* Sources */,
				A22B031725CC3C130097B98F /* Frameworks */,
				A22B031825CC3C130097B98F /* Resources */,
			);
			buildRules = (
			);
			dependencies = (
			);
			name = test;
			productName = test;
			productReference = A22B031A25CC3C130097B98F /* test.xctest */;
			productType = "com.apple.product-type.bundle.unit-test";
		};
		A274558325B7AEC700883B5C /* msd-script-cs6015 */ = {
			isa = PBXNativeTarget;
			buildConfigurationList = A274558B25B7AEC700883B5C /* Build configuration list for PBXNativeTarget "msd-script-cs6015" */;
			buildPhases = (
				A274558025B7AEC700883B5C /* Sources */,
				A274558125B7AEC700883B5C /* Frameworks */,
				A274558225B7AEC700883B5C /* CopyFiles */,
			);
			buildRules = (
			);
			dependencies = (
			);
			name = "msd-script-cs6015";
			productName = "msd-script-cs6015";
			productReference = A274558425B7AEC700883B5C /* msd-script-cs6015 */;
			productType = "com.apple.product-type.tool";
		};
/* End PBXNativeTarget section */

/* Begin PBXProject section */
		A274557C25B7AEC600883B5C /* Project object */ = {
			isa = PBXProject;
			attributes = {
				LastUpgradeCheck = 1230;
				TargetAttributes = {
					A22B031925CC3C130097B98F = {
						CreatedOnToolsVersion = 12.4;
					};
					A274558325B7AEC700883B5C = {
						CreatedOnToolsVersion = 12.3;
					};
				};
			};
			buildConfigurationList = A274557F25B7AEC600883B5C /* Build configuration list for PBXProject "msd-script-cs6015" */;
			compatibilityVersion = "Xcode 9.3";
			developmentRegion = en;
			hasScannedForEncodings = 0;
			knownRegions = (
				en,
				Base,
			);
			mainGroup = A274557B25B7AEC600883B5C;
			productRefGroup = A274558525B7AEC700883B5C /* Products */;
			projectDirPath = "";
			projectRoot = "";
			targets = (
				A274558325B7AEC700883B5C /* msd-script-cs6015 */,
				A22B031925CC3C130097B98F /* test */,
			);
		};
/* End PBXProject section */

/* Begin PBXResourcesBuildPhase section */
		A22B031825CC3C130097B98F /* Resources */ = {
			isa = PBXResourcesBuildPhase;
			buildActionMask = 2147483647;
			files = (
			);
			runOnlyForDeploymentPostprocessing = 0;
		};
/* End PBXResourcesBuildPhase section */

/* Begin PBXSourcesBuildPhase section */
		A22B031625CC3C130097B98F /* Sources */ = {
			isa = PBXSourcesBuildPhase;
			buildActionMask = 2147483647;
			files = (
				A22B032925CC404F0097B98F /* run.cpp in Sources */,
				A22B032425CC3D8E0097B98F /* expr.cpp in Sources */,
				A22B031D25CC3C140097B98F /* test.m in Sources */,
<<<<<<< HEAD
=======
				A29F87C225F01C3B009CC49A /* val.cpp in Sources */,
>>>>>>> work2
			);
			runOnlyForDeploymentPostprocessing = 0;
		};
		A274558025B7AEC700883B5C /* Sources */ = {
			isa = PBXSourcesBuildPhase;
			buildActionMask = 2147483647;
			files = (
				A274559525B7B7CF00883B5C /* cmdline.cpp in Sources */,
				A274558825B7AEC700883B5C /* main.cpp in Sources */,
				A29072E025C1E64C00B6479F /* expr.cpp in Sources */,
				A29F87C125F01C3B009CC49A /* val.cpp in Sources */,
			);
			runOnlyForDeploymentPostprocessing = 0;
		};
/* End PBXSourcesBuildPhase section */

/* Begin XCBuildConfiguration section */
		A22B031F25CC3C140097B98F /* Debug */ = {
			isa = XCBuildConfiguration;
			buildSettings = {
				CODE_SIGN_STYLE = Automatic;
				COMBINE_HIDPI_IMAGES = YES;
				INFOPLIST_FILE = test/Info.plist;
				LD_RUNPATH_SEARCH_PATHS = (
					"$(inherited)",
					"@executable_path/../Frameworks",
					"@loader_path/../Frameworks",
				);
				PRODUCT_BUNDLE_IDENTIFIER = com.bradenpotter.test;
				PRODUCT_NAME = "$(TARGET_NAME)";
			};
			name = Debug;
		};
		A22B032025CC3C140097B98F /* Release */ = {
			isa = XCBuildConfiguration;
			buildSettings = {
				CODE_SIGN_STYLE = Automatic;
				COMBINE_HIDPI_IMAGES = YES;
				INFOPLIST_FILE = test/Info.plist;
				LD_RUNPATH_SEARCH_PATHS = (
					"$(inherited)",
					"@executable_path/../Frameworks",
					"@loader_path/../Frameworks",
				);
				PRODUCT_BUNDLE_IDENTIFIER = com.bradenpotter.test;
				PRODUCT_NAME = "$(TARGET_NAME)";
			};
			name = Release;
		};
		A274558925B7AEC700883B5C /* Debug */ = {
			isa = XCBuildConfiguration;
			buildSettings = {
				ALWAYS_SEARCH_USER_PATHS = NO;
				CLANG_ANALYZER_NONNULL = YES;
				CLANG_ANALYZER_NUMBER_OBJECT_CONVERSION = YES_AGGRESSIVE;
				CLANG_CXX_LANGUAGE_STANDARD = "gnu++14";
				CLANG_CXX_LIBRARY = "libc++";
				CLANG_ENABLE_MODULES = YES;
				CLANG_ENABLE_OBJC_ARC = YES;
				CLANG_ENABLE_OBJC_WEAK = YES;
				CLANG_WARN_BLOCK_CAPTURE_AUTORELEASING = YES;
				CLANG_WARN_BOOL_CONVERSION = YES;
				CLANG_WARN_COMMA = YES;
				CLANG_WARN_CONSTANT_CONVERSION = YES;
				CLANG_WARN_DEPRECATED_OBJC_IMPLEMENTATIONS = YES;
				CLANG_WARN_DIRECT_OBJC_ISA_USAGE = YES_ERROR;
				CLANG_WARN_DOCUMENTATION_COMMENTS = YES;
				CLANG_WARN_EMPTY_BODY = YES;
				CLANG_WARN_ENUM_CONVERSION = YES;
				CLANG_WARN_INFINITE_RECURSION = YES;
				CLANG_WARN_INT_CONVERSION = YES;
				CLANG_WARN_NON_LITERAL_NULL_CONVERSION = YES;
				CLANG_WARN_OBJC_IMPLICIT_RETAIN_SELF = YES;
				CLANG_WARN_OBJC_LITERAL_CONVERSION = YES;
				CLANG_WARN_OBJC_ROOT_CLASS = YES_ERROR;
				CLANG_WARN_QUOTED_INCLUDE_IN_FRAMEWORK_HEADER = YES;
				CLANG_WARN_RANGE_LOOP_ANALYSIS = YES;
				CLANG_WARN_STRICT_PROTOTYPES = YES;
				CLANG_WARN_SUSPICIOUS_MOVE = YES;
				CLANG_WARN_UNGUARDED_AVAILABILITY = YES_AGGRESSIVE;
				CLANG_WARN_UNREACHABLE_CODE = YES;
				CLANG_WARN__DUPLICATE_METHOD_MATCH = YES;
				COPY_PHASE_STRIP = NO;
				DEBUG_INFORMATION_FORMAT = dwarf;
				ENABLE_STRICT_OBJC_MSGSEND = YES;
				ENABLE_TESTABILITY = YES;
				GCC_C_LANGUAGE_STANDARD = gnu11;
				GCC_DYNAMIC_NO_PIC = NO;
				GCC_NO_COMMON_BLOCKS = YES;
				GCC_OPTIMIZATION_LEVEL = 0;
				GCC_PREPROCESSOR_DEFINITIONS = (
					"DEBUG=1",
					"$(inherited)",
				);
				GCC_WARN_64_TO_32_BIT_CONVERSION = YES;
				GCC_WARN_ABOUT_RETURN_TYPE = YES_ERROR;
				GCC_WARN_UNDECLARED_SELECTOR = YES;
				GCC_WARN_UNINITIALIZED_AUTOS = YES_AGGRESSIVE;
				GCC_WARN_UNUSED_FUNCTION = YES;
				GCC_WARN_UNUSED_VARIABLE = YES;
				MACOSX_DEPLOYMENT_TARGET = 11.1;
				MTL_ENABLE_DEBUG_INFO = INCLUDE_SOURCE;
				MTL_FAST_MATH = YES;
				ONLY_ACTIVE_ARCH = YES;
				SDKROOT = macosx;
			};
			name = Debug;
		};
		A274558A25B7AEC700883B5C /* Release */ = {
			isa = XCBuildConfiguration;
			buildSettings = {
				ALWAYS_SEARCH_USER_PATHS = NO;
				CLANG_ANALYZER_NONNULL = YES;
				CLANG_ANALYZER_NUMBER_OBJECT_CONVERSION = YES_AGGRESSIVE;
				CLANG_CXX_LANGUAGE_STANDARD = "gnu++14";
				CLANG_CXX_LIBRARY = "libc++";
				CLANG_ENABLE_MODULES = YES;
				CLANG_ENABLE_OBJC_ARC = YES;
				CLANG_ENABLE_OBJC_WEAK = YES;
				CLANG_WARN_BLOCK_CAPTURE_AUTORELEASING = YES;
				CLANG_WARN_BOOL_CONVERSION = YES;
				CLANG_WARN_COMMA = YES;
				CLANG_WARN_CONSTANT_CONVERSION = YES;
				CLANG_WARN_DEPRECATED_OBJC_IMPLEMENTATIONS = YES;
				CLANG_WARN_DIRECT_OBJC_ISA_USAGE = YES_ERROR;
				CLANG_WARN_DOCUMENTATION_COMMENTS = YES;
				CLANG_WARN_EMPTY_BODY = YES;
				CLANG_WARN_ENUM_CONVERSION = YES;
				CLANG_WARN_INFINITE_RECURSION = YES;
				CLANG_WARN_INT_CONVERSION = YES;
				CLANG_WARN_NON_LITERAL_NULL_CONVERSION = YES;
				CLANG_WARN_OBJC_IMPLICIT_RETAIN_SELF = YES;
				CLANG_WARN_OBJC_LITERAL_CONVERSION = YES;
				CLANG_WARN_OBJC_ROOT_CLASS = YES_ERROR;
				CLANG_WARN_QUOTED_INCLUDE_IN_FRAMEWORK_HEADER = YES;
				CLANG_WARN_RANGE_LOOP_ANALYSIS = YES;
				CLANG_WARN_STRICT_PROTOTYPES = YES;
				CLANG_WARN_SUSPICIOUS_MOVE = YES;
				CLANG_WARN_UNGUARDED_AVAILABILITY = YES_AGGRESSIVE;
				CLANG_WARN_UNREACHABLE_CODE = YES;
				CLANG_WARN__DUPLICATE_METHOD_MATCH = YES;
				COPY_PHASE_STRIP = NO;
				DEBUG_INFORMATION_FORMAT = "dwarf-with-dsym";
				ENABLE_NS_ASSERTIONS = NO;
				ENABLE_STRICT_OBJC_MSGSEND = YES;
				GCC_C_LANGUAGE_STANDARD = gnu11;
				GCC_NO_COMMON_BLOCKS = YES;
				GCC_WARN_64_TO_32_BIT_CONVERSION = YES;
				GCC_WARN_ABOUT_RETURN_TYPE = YES_ERROR;
				GCC_WARN_UNDECLARED_SELECTOR = YES;
				GCC_WARN_UNINITIALIZED_AUTOS = YES_AGGRESSIVE;
				GCC_WARN_UNUSED_FUNCTION = YES;
				GCC_WARN_UNUSED_VARIABLE = YES;
				MACOSX_DEPLOYMENT_TARGET = 11.1;
				MTL_ENABLE_DEBUG_INFO = NO;
				MTL_FAST_MATH = YES;
				SDKROOT = macosx;
			};
			name = Release;
		};
		A274558C25B7AEC700883B5C /* Debug */ = {
			isa = XCBuildConfiguration;
			buildSettings = {
				CODE_SIGN_STYLE = Automatic;
				PRODUCT_NAME = "$(TARGET_NAME)";
			};
			name = Debug;
		};
		A274558D25B7AEC700883B5C /* Release */ = {
			isa = XCBuildConfiguration;
			buildSettings = {
				CODE_SIGN_STYLE = Automatic;
				PRODUCT_NAME = "$(TARGET_NAME)";
			};
			name = Release;
		};
/* End XCBuildConfiguration section */

/* Begin XCConfigurationList section */
		A22B032125CC3C140097B98F /* Build configuration list for PBXNativeTarget "test" */ = {
			isa = XCConfigurationList;
			buildConfigurations = (
				A22B031F25CC3C140097B98F /* Debug */,
				A22B032025CC3C140097B98F /* Release */,
			);
			defaultConfigurationIsVisible = 0;
			defaultConfigurationName = Release;
		};
		A274557F25B7AEC600883B5C /* Build configuration list for PBXProject "msd-script-cs6015" */ = {
			isa = XCConfigurationList;
			buildConfigurations = (
				A274558925B7AEC700883B5C /* Debug */,
				A274558A25B7AEC700883B5C /* Release */,
			);
			defaultConfigurationIsVisible = 0;
			defaultConfigurationName = Release;
		};
		A274558B25B7AEC700883B5C /* Build configuration list for PBXNativeTarget "msd-script-cs6015" */ = {
			isa = XCConfigurationList;
			buildConfigurations = (
				A274558C25B7AEC700883B5C /* Debug */,
				A274558D25B7AEC700883B5C /* Release */,
			);
			defaultConfigurationIsVisible = 0;
			defaultConfigurationName = Release;
		};
/* End XCConfigurationList section */
	};
	rootObject = A274557C25B7AEC600883B5C /* Project object */;
}
